
Microsoft Visual Studio Solution File, Format Version 12.00
# Visual Studio Version 17
VisualStudioVersion = 17.2.32602.215
MinimumVisualStudioVersion = 10.0.40219.1
Project("{FAE04EC0-301F-11D3-BF4B-00C04F79EFBC}") = "ConsoleApp1", "ConsoleApp1\ConsoleApp1.csproj", "{6EFA733C-05D2-4F77-A0BC-A3CE2D027D8B}"
EndProject
Project("{2150E333-8FDC-42A3-9474-1A3956D46DE8}") = "Solution Items", "Solution Items", "{C7265188-2A5C-4A75-B3D3-774FD928388B}"
	ProjectSection(SolutionItems) = preProject
		.editorconfig = .editorconfig
	EndProjectSection
EndProject
Global
	GlobalSection(SolutionConfigurationPlatforms) = preSolution
		Debug|Any CPU = Debug|Any CPU
		Release|Any CPU = Release|Any CPU
	EndGlobalSection
	GlobalSection(ProjectConfigurationPlatforms) = postSolution
		{6EFA733C-05D2-4F77-A0BC-A3CE2D027D8B}.Debug|Any CPU.ActiveCfg = Debug|Any CPU
		{6EFA733C-05D2-4F77-A0BC-A3CE2D027D8B}.Debug|Any CPU.Build.0 = Debug|Any CPU
		{6EFA733C-05D2-4F77-A0BC-A3CE2D027D8B}.Release|Any CPU.ActiveCfg = Release|Any CPU
		{6EFA733C-05D2-4F77-A0BC-A3CE2D027D8B}.Release|Any CPU.Build.0 = Release|Any CPU
	EndGlobalSection
	GlobalSection(SolutionProperties) = preSolution
		HideSolutionNode = FALSE
	EndGlobalSection
	GlobalSection(ExtensibilityGlobals) = postSolution
		SolutionGuid = {135712AE-9E42-4E24-9B17-5C402CF16307}
	EndGlobalSection
EndGlobal
